
Microsoft Visual Studio Solution File, Format Version 12.00
# Visual Studio Version 17
VisualStudioVersion = 17.3.32929.385
MinimumVisualStudioVersion = 10.0.40219.1
Project("{9A19103F-16F7-4668-BE54-9A1E7A4F7556}") = "InvestCore.Domain", "InvestCore\InvestCore.Domain\InvestCore.Domain.csproj", "{0675DB64-4A74-4214-A714-D4B8D844BAE1}"
EndProject
Project("{9A19103F-16F7-4668-BE54-9A1E7A4F7556}") = "InvestCore.TinkoffApi", "InvestCore\InvestCore.TinkoffApi\InvestCore.TinkoffApi.csproj", "{B79AED7F-D072-4754-9C9C-88C41A018E4B}"
EndProject
Project("{9A19103F-16F7-4668-BE54-9A1E7A4F7556}") = "PercentCalculateConsole", "PercentCalculateConsole\PercentCalculateConsole.csproj", "{02C74728-6815-4EA8-8295-AE4F8A59C199}"
EndProject
Project("{9A19103F-16F7-4668-BE54-9A1E7A4F7556}") = "SpreadsheetExporter", "SpreadsheetExporter\SpreadsheetExporter.csproj", "{F11D327E-CB81-4502-8F71-BEBB0C971DAE}"
EndProject
Project("{2150E333-8FDC-42A3-9474-1A3956D46DE8}") = "InvestCore", "InvestCore", "{44C25151-0E92-4EC3-A848-FC524CAE0582}"
EndProject
Project("{2150E333-8FDC-42A3-9474-1A3956D46DE8}") = "ChatBot", "ChatBot", "{8E1B4E35-7B96-4A01-B76F-438DC4DF0E6B}"
	ProjectSection(SolutionItems) = preProject
		ChatBot\README.md = ChatBot\README.md
	EndProjectSection
EndProject
Project("{9A19103F-16F7-4668-BE54-9A1E7A4F7556}") = "ChatBot", "ChatBot\ChatBot\ChatBot.csproj", "{2488A1C8-D57E-419B-A89A-7620B356C1F7}"
EndProject
Project("{9A19103F-16F7-4668-BE54-9A1E7A4F7556}") = "ChatBot.Core", "ChatBot\ChatBot.Core\ChatBot.Core.csproj", "{616D72D3-1551-4BB5-BC94-85BB6C64FAF6}"
EndProject
Project("{9A19103F-16F7-4668-BE54-9A1E7A4F7556}") = "ChatBot.Data", "ChatBot\ChatBot.Data\ChatBot.Data.csproj", "{14055AC5-9618-4079-93C5-30ED02DEAE63}"
EndProject
Project("{9A19103F-16F7-4668-BE54-9A1E7A4F7556}") = "ChatBot.Shares.Integration", "ChatBot\ChatBot.Shares.Integration\ChatBot.Shares.Integration.csproj", "{B9EB9A35-34D5-4BE0-B6BD-345B19131D7B}"
EndProject
Project("{9A19103F-16F7-4668-BE54-9A1E7A4F7556}") = "ChatBotWorker", "ChatBot\ChatBotWorker\ChatBotWorker.csproj", "{5B332C74-66B3-4AA3-8F1E-FD569509BB54}"
EndProject
Project("{2150E333-8FDC-42A3-9474-1A3956D46DE8}") = "Элементы решения", "Элементы решения", "{F9A8B1C5-B5CA-45F3-8E6F-C06C687301E2}"
	ProjectSection(SolutionItems) = preProject
		InvestCoreCodeMap.dgml = InvestCoreCodeMap.dgml
		LICENSE.txt = LICENSE.txt
		README.md = README.md
	EndProjectSection
EndProject
Project("{2150E333-8FDC-42A3-9474-1A3956D46DE8}") = "configs", "configs", "{07DD986F-E385-43C2-92B2-F0927A22A419}"
	ProjectSection(SolutionItems) = preProject
		configs\tinkoff-token.json = configs\tinkoff-token.json
		configs\ticker-infos.json = configs\ticker-infos.json
	EndProjectSection
EndProject
Global
	GlobalSection(SolutionConfigurationPlatforms) = preSolution
		Debug|Any CPU = Debug|Any CPU
		Release|Any CPU = Release|Any CPU
	EndGlobalSection
	GlobalSection(ProjectConfigurationPlatforms) = postSolution
		{0675DB64-4A74-4214-A714-D4B8D844BAE1}.Debug|Any CPU.ActiveCfg = Debug|Any CPU
		{0675DB64-4A74-4214-A714-D4B8D844BAE1}.Debug|Any CPU.Build.0 = Debug|Any CPU
		{0675DB64-4A74-4214-A714-D4B8D844BAE1}.Release|Any CPU.ActiveCfg = Release|Any CPU
		{0675DB64-4A74-4214-A714-D4B8D844BAE1}.Release|Any CPU.Build.0 = Release|Any CPU
		{B79AED7F-D072-4754-9C9C-88C41A018E4B}.Debug|Any CPU.ActiveCfg = Debug|Any CPU
		{B79AED7F-D072-4754-9C9C-88C41A018E4B}.Debug|Any CPU.Build.0 = Debug|Any CPU
		{B79AED7F-D072-4754-9C9C-88C41A018E4B}.Release|Any CPU.ActiveCfg = Release|Any CPU
		{B79AED7F-D072-4754-9C9C-88C41A018E4B}.Release|Any CPU.Build.0 = Release|Any CPU
		{02C74728-6815-4EA8-8295-AE4F8A59C199}.Debug|Any CPU.ActiveCfg = Debug|Any CPU
		{02C74728-6815-4EA8-8295-AE4F8A59C199}.Debug|Any CPU.Build.0 = Debug|Any CPU
		{02C74728-6815-4EA8-8295-AE4F8A59C199}.Release|Any CPU.ActiveCfg = Release|Any CPU
		{02C74728-6815-4EA8-8295-AE4F8A59C199}.Release|Any CPU.Build.0 = Release|Any CPU
		{F11D327E-CB81-4502-8F71-BEBB0C971DAE}.Debug|Any CPU.ActiveCfg = Debug|Any CPU
		{F11D327E-CB81-4502-8F71-BEBB0C971DAE}.Debug|Any CPU.Build.0 = Debug|Any CPU
		{F11D327E-CB81-4502-8F71-BEBB0C971DAE}.Release|Any CPU.ActiveCfg = Release|Any CPU
		{F11D327E-CB81-4502-8F71-BEBB0C971DAE}.Release|Any CPU.Build.0 = Release|Any CPU
		{2488A1C8-D57E-419B-A89A-7620B356C1F7}.Debug|Any CPU.ActiveCfg = Debug|Any CPU
		{2488A1C8-D57E-419B-A89A-7620B356C1F7}.Debug|Any CPU.Build.0 = Debug|Any CPU
		{2488A1C8-D57E-419B-A89A-7620B356C1F7}.Release|Any CPU.ActiveCfg = Release|Any CPU
		{2488A1C8-D57E-419B-A89A-7620B356C1F7}.Release|Any CPU.Build.0 = Release|Any CPU
		{616D72D3-1551-4BB5-BC94-85BB6C64FAF6}.Debug|Any CPU.ActiveCfg = Debug|Any CPU
		{616D72D3-1551-4BB5-BC94-85BB6C64FAF6}.Debug|Any CPU.Build.0 = Debug|Any CPU
		{616D72D3-1551-4BB5-BC94-85BB6C64FAF6}.Release|Any CPU.ActiveCfg = Release|Any CPU
		{616D72D3-1551-4BB5-BC94-85BB6C64FAF6}.Release|Any CPU.Build.0 = Release|Any CPU
		{14055AC5-9618-4079-93C5-30ED02DEAE63}.Debug|Any CPU.ActiveCfg = Debug|Any CPU
		{14055AC5-9618-4079-93C5-30ED02DEAE63}.Debug|Any CPU.Build.0 = Debug|Any CPU
		{14055AC5-9618-4079-93C5-30ED02DEAE63}.Release|Any CPU.ActiveCfg = Release|Any CPU
		{14055AC5-9618-4079-93C5-30ED02DEAE63}.Release|Any CPU.Build.0 = Release|Any CPU
		{B9EB9A35-34D5-4BE0-B6BD-345B19131D7B}.Debug|Any CPU.ActiveCfg = Debug|Any CPU
		{B9EB9A35-34D5-4BE0-B6BD-345B19131D7B}.Debug|Any CPU.Build.0 = Debug|Any CPU
		{B9EB9A35-34D5-4BE0-B6BD-345B19131D7B}.Release|Any CPU.ActiveCfg = Release|Any CPU
		{B9EB9A35-34D5-4BE0-B6BD-345B19131D7B}.Release|Any CPU.Build.0 = Release|Any CPU
		{5B332C74-66B3-4AA3-8F1E-FD569509BB54}.Debug|Any CPU.ActiveCfg = Debug|Any CPU
		{5B332C74-66B3-4AA3-8F1E-FD569509BB54}.Debug|Any CPU.Build.0 = Debug|Any CPU
		{5B332C74-66B3-4AA3-8F1E-FD569509BB54}.Release|Any CPU.ActiveCfg = Release|Any CPU
		{5B332C74-66B3-4AA3-8F1E-FD569509BB54}.Release|Any CPU.Build.0 = Release|Any CPU
	EndGlobalSection
	GlobalSection(SolutionProperties) = preSolution
		HideSolutionNode = FALSE
	EndGlobalSection
	GlobalSection(NestedProjects) = preSolution
		{0675DB64-4A74-4214-A714-D4B8D844BAE1} = {44C25151-0E92-4EC3-A848-FC524CAE0582}
		{B79AED7F-D072-4754-9C9C-88C41A018E4B} = {44C25151-0E92-4EC3-A848-FC524CAE0582}
		{2488A1C8-D57E-419B-A89A-7620B356C1F7} = {8E1B4E35-7B96-4A01-B76F-438DC4DF0E6B}
		{616D72D3-1551-4BB5-BC94-85BB6C64FAF6} = {8E1B4E35-7B96-4A01-B76F-438DC4DF0E6B}
		{14055AC5-9618-4079-93C5-30ED02DEAE63} = {8E1B4E35-7B96-4A01-B76F-438DC4DF0E6B}
		{B9EB9A35-34D5-4BE0-B6BD-345B19131D7B} = {8E1B4E35-7B96-4A01-B76F-438DC4DF0E6B}
		{5B332C74-66B3-4AA3-8F1E-FD569509BB54} = {8E1B4E35-7B96-4A01-B76F-438DC4DF0E6B}
	EndGlobalSection
	GlobalSection(ExtensibilityGlobals) = postSolution
		SolutionGuid = {B90F36B7-7432-4BD3-8528-9D2C52631AD4}
	EndGlobalSection
EndGlobal
